// !$*UTF8*$!
{
	archiveVersion = 1;
	classes = {
	};
	objectVersion = 46;
	objects = {

/* Begin PBXBuildFile section */
		529D3A1B1EAC4C21000C7B84 /* ImageViewController.swift in Sources */ = {isa = PBXBuildFile; fileRef = 529D3A1A1EAC4C21000C7B84 /* ImageViewController.swift */; };
		529D3A1D1EAD91D3000C7B84 /* SearchHistoryTableViewController.swift in Sources */ = {isa = PBXBuildFile; fileRef = 529D3A1C1EAD91D3000C7B84 /* SearchHistoryTableViewController.swift */; };
		52BB443A1EA073B20079420B /* AppDelegate.swift in Sources */ = {isa = PBXBuildFile; fileRef = 52BB44391EA073B20079420B /* AppDelegate.swift */; };
		52BB443F1EA073B20079420B /* Main.storyboard in Resources */ = {isa = PBXBuildFile; fileRef = 52BB443D1EA073B20079420B /* Main.storyboard */; };
		52BB44411EA073B20079420B /* Assets.xcassets in Resources */ = {isa = PBXBuildFile; fileRef = 52BB44401EA073B20079420B /* Assets.xcassets */; };
		52BB44441EA073B20079420B /* LaunchScreen.storyboard in Resources */ = {isa = PBXBuildFile; fileRef = 52BB44421EA073B20079420B /* LaunchScreen.storyboard */; };
		52BB444F1EA0740E0079420B /* TweetTableViewController.swift in Sources */ = {isa = PBXBuildFile; fileRef = 52BB444E1EA0740E0079420B /* TweetTableViewController.swift */; };
		52DC715E1EA0804E004D3D67 /* Twitter.framework in Frameworks */ = {isa = PBXBuildFile; fileRef = 52DC715D1EA0804E004D3D67 /* Twitter.framework */; };
		52DC715F1EA0804E004D3D67 /* Twitter.framework in Embed Frameworks */ = {isa = PBXBuildFile; fileRef = 52DC715D1EA0804E004D3D67 /* Twitter.framework */; settings = {ATTRIBUTES = (CodeSignOnCopy, RemoveHeadersOnCopy, ); }; };
		52DC71621EA1BA38004D3D67 /* TweetTableViewCell.swift in Sources */ = {isa = PBXBuildFile; fileRef = 52DC71611EA1BA38004D3D67 /* TweetTableViewCell.swift */; };
		52DC71641EA3CA7C004D3D67 /* MentionTableViewController.swift in Sources */ = {isa = PBXBuildFile; fileRef = 52DC71631EA3CA7C004D3D67 /* MentionTableViewController.swift */; };
		52DC71661EA859B5004D3D67 /* TweetImageTableViewCell.swift in Sources */ = {isa = PBXBuildFile; fileRef = 52DC71651EA859B5004D3D67 /* TweetImageTableViewCell.swift */; };
/* End PBXBuildFile section */

/* Begin PBXCopyFilesBuildPhase section */
		52DC71601EA0804E004D3D67 /* Embed Frameworks */ = {
			isa = PBXCopyFilesBuildPhase;
			buildActionMask = 2147483647;
			dstPath = "";
			dstSubfolderSpec = 10;
			files = (
				52DC715F1EA0804E004D3D67 /* Twitter.framework in Embed Frameworks */,
			);
			name = "Embed Frameworks";
			runOnlyForDeploymentPostprocessing = 0;
		};
/* End PBXCopyFilesBuildPhase section */

/* Begin PBXFileReference section */
		529D3A1A1EAC4C21000C7B84 /* ImageViewController.swift */ = {isa = PBXFileReference; fileEncoding = 4; lastKnownFileType = sourcecode.swift; path = ImageViewController.swift; sourceTree = "<group>"; };
		529D3A1C1EAD91D3000C7B84 /* SearchHistoryTableViewController.swift */ = {isa = PBXFileReference; fileEncoding = 4; lastKnownFileType = sourcecode.swift; path = SearchHistoryTableViewController.swift; sourceTree = "<group>"; };
		52BB44361EA073B20079420B /* SmashTag.app */ = {isa = PBXFileReference; explicitFileType = wrapper.application; includeInIndex = 0; path = SmashTag.app; sourceTree = BUILT_PRODUCTS_DIR; };
		52BB44391EA073B20079420B /* AppDelegate.swift */ = {isa = PBXFileReference; lastKnownFileType = sourcecode.swift; path = AppDelegate.swift; sourceTree = "<group>"; };
		52BB443E1EA073B20079420B /* Base */ = {isa = PBXFileReference; lastKnownFileType = file.storyboard; name = Base; path = Base.lproj/Main.storyboard; sourceTree = "<group>"; };
		52BB44401EA073B20079420B /* Assets.xcassets */ = {isa = PBXFileReference; lastKnownFileType = folder.assetcatalog; path = Assets.xcassets; sourceTree = "<group>"; };
		52BB44431EA073B20079420B /* Base */ = {isa = PBXFileReference; lastKnownFileType = file.storyboard; name = Base; path = Base.lproj/LaunchScreen.storyboard; sourceTree = "<group>"; };
		52BB44451EA073B20079420B /* Info.plist */ = {isa = PBXFileReference; lastKnownFileType = text.plist.xml; path = Info.plist; sourceTree = "<group>"; };
		52BB444E1EA0740E0079420B /* TweetTableViewController.swift */ = {isa = PBXFileReference; fileEncoding = 4; lastKnownFileType = sourcecode.swift; path = TweetTableViewController.swift; sourceTree = "<group>"; };
		52DC715D1EA0804E004D3D67 /* Twitter.framework */ = {isa = PBXFileReference; explicitFileType = wrapper.framework; path = Twitter.framework; sourceTree = BUILT_PRODUCTS_DIR; };
		52DC71611EA1BA38004D3D67 /* TweetTableViewCell.swift */ = {isa = PBXFileReference; fileEncoding = 4; lastKnownFileType = sourcecode.swift; path = TweetTableViewCell.swift; sourceTree = "<group>"; };
		52DC71631EA3CA7C004D3D67 /* MentionTableViewController.swift */ = {isa = PBXFileReference; fileEncoding = 4; lastKnownFileType = sourcecode.swift; path = MentionTableViewController.swift; sourceTree = "<group>"; };
		52DC71651EA859B5004D3D67 /* TweetImageTableViewCell.swift */ = {isa = PBXFileReference; fileEncoding = 4; lastKnownFileType = sourcecode.swift; path = TweetImageTableViewCell.swift; sourceTree = "<group>"; };
/* End PBXFileReference section */

/* Begin PBXFrameworksBuildPhase section */
		52BB44331EA073B20079420B /* Frameworks */ = {
			isa = PBXFrameworksBuildPhase;
			buildActionMask = 2147483647;
			files = (
				52DC715E1EA0804E004D3D67 /* Twitter.framework in Frameworks */,
			);
			runOnlyForDeploymentPostprocessing = 0;
		};
/* End PBXFrameworksBuildPhase section */

/* Begin PBXGroup section */
		52BB442D1EA073B20079420B = {
			isa = PBXGroup;
			children = (
				52DC715D1EA0804E004D3D67 /* Twitter.framework */,
				52BB44381EA073B20079420B /* SmashTag */,
				52BB44371EA073B20079420B /* Products */,
			);
			sourceTree = "<group>";
		};
		52BB44371EA073B20079420B /* Products */ = {
			isa = PBXGroup;
			children = (
				52BB44361EA073B20079420B /* SmashTag.app */,
			);
			name = Products;
			sourceTree = "<group>";
		};
		52BB44381EA073B20079420B /* SmashTag */ = {
			isa = PBXGroup;
			children = (
				52BB444E1EA0740E0079420B /* TweetTableViewController.swift */,
				52DC71611EA1BA38004D3D67 /* TweetTableViewCell.swift */,
				52DC71631EA3CA7C004D3D67 /* MentionTableViewController.swift */,
				52DC71651EA859B5004D3D67 /* TweetImageTableViewCell.swift */,
				529D3A1A1EAC4C21000C7B84 /* ImageViewController.swift */,
				529D3A1C1EAD91D3000C7B84 /* SearchHistoryTableViewController.swift */,
				52BB443D1EA073B20079420B /* Main.storyboard */,
				52BB44451EA073B20079420B /* Info.plist */,
				52BB444B1EA073C80079420B /* Supporting Files */,
			);
			path = SmashTag;
			sourceTree = "<group>";
		};
		52BB444B1EA073C80079420B /* Supporting Files */ = {
			isa = PBXGroup;
			children = (
				52BB44391EA073B20079420B /* AppDelegate.swift */,
				52BB44401EA073B20079420B /* Assets.xcassets */,
				52BB44421EA073B20079420B /* LaunchScreen.storyboard */,
			);
			name = "Supporting Files";
			sourceTree = "<group>";
		};
/* End PBXGroup section */

/* Begin PBXNativeTarget section */
		52BB44351EA073B20079420B /* SmashTag */ = {
			isa = PBXNativeTarget;
			buildConfigurationList = 52BB44481EA073B20079420B /* Build configuration list for PBXNativeTarget "SmashTag" */;
			buildPhases = (
				52BB44321EA073B20079420B /* Sources */,
				52BB44331EA073B20079420B /* Frameworks */,
				52BB44341EA073B20079420B /* Resources */,
				52DC71601EA0804E004D3D67 /* Embed Frameworks */,
			);
			buildRules = (
			);
			dependencies = (
			);
			name = SmashTag;
			productName = SmashTag;
			productReference = 52BB44361EA073B20079420B /* SmashTag.app */;
			productType = "com.apple.product-type.application";
		};
/* End PBXNativeTarget section */

/* Begin PBXProject section */
		52BB442E1EA073B20079420B /* Project object */ = {
			isa = PBXProject;
			attributes = {
				LastSwiftUpdateCheck = 0830;
				LastUpgradeCheck = 0830;
				ORGANIZATIONNAME = JohnPattonXP;
				TargetAttributes = {
					52BB44351EA073B20079420B = {
						CreatedOnToolsVersion = 8.3.1;
						ProvisioningStyle = Automatic;
					};
				};
			};
			buildConfigurationList = 52BB44311EA073B20079420B /* Build configuration list for PBXProject "SmashTag" */;
			compatibilityVersion = "Xcode 3.2";
			developmentRegion = English;
			hasScannedForEncodings = 0;
			knownRegions = (
				en,
				Base,
			);
			mainGroup = 52BB442D1EA073B20079420B;
			productRefGroup = 52BB44371EA073B20079420B /* Products */;
			projectDirPath = "";
			projectRoot = "";
			targets = (
				52BB44351EA073B20079420B /* SmashTag */,
			);
		};
/* End PBXProject section */

/* Begin PBXResourcesBuildPhase section */
		52BB44341EA073B20079420B /* Resources */ = {
			isa = PBXResourcesBuildPhase;
			buildActionMask = 2147483647;
			files = (
				52BB44441EA073B20079420B /* LaunchScreen.storyboard in Resources */,
				52BB44411EA073B20079420B /* Assets.xcassets in Resources */,
				52BB443F1EA073B20079420B /* Main.storyboard in Resources */,
			);
			runOnlyForDeploymentPostprocessing = 0;
		};
/* End PBXResourcesBuildPhase section */

/* Begin PBXSourcesBuildPhase section */
		52BB44321EA073B20079420B /* Sources */ = {
			isa = PBXSourcesBuildPhase;
			buildActionMask = 2147483647;
			files = (
				52DC71641EA3CA7C004D3D67 /* MentionTableViewController.swift in Sources */,
				529D3A1D1EAD91D3000C7B84 /* SearchHistoryTableViewController.swift in Sources */,
				52BB443A1EA073B20079420B /* AppDelegate.swift in Sources */,
				52DC71661EA859B5004D3D67 /* TweetImageTableViewCell.swift in Sources */,
				52BB444F1EA0740E0079420B /* TweetTableViewController.swift in Sources */,
				529D3A1B1EAC4C21000C7B84 /* ImageViewController.swift in Sources */,
				52DC71621EA1BA38004D3D67 /* TweetTableViewCell.swift in Sources */,
			);
			runOnlyForDeploymentPostprocessing = 0;
		};
/* End PBXSourcesBuildPhase section */

/* Begin PBXVariantGroup section */
		52BB443D1EA073B20079420B /* Main.storyboard */ = {
			isa = PBXVariantGroup;
			children = (
				52BB443E1EA073B20079420B /* Base */,
			);
			name = Main.storyboard;
			sourceTree = "<group>";
		};
		52BB44421EA073B20079420B /* LaunchScreen.storyboard */ = {
			isa = PBXVariantGroup;
			children = (
				52BB44431EA073B20079420B /* Base */,
			);
			name = LaunchScreen.storyboard;
			sourceTree = "<group>";
		};
/* End PBXVariantGroup section */

/* Begin XCBuildConfiguration section */
		52BB44461EA073B20079420B /* Debug */ = {
			isa = XCBuildConfiguration;
			buildSettings = {
				ALWAYS_SEARCH_USER_PATHS = NO;
				CLANG_ANALYZER_NONNULL = YES;
				CLANG_ANALYZER_NUMBER_OBJECT_CONVERSION = YES_AGGRESSIVE;
				CLANG_CXX_LANGUAGE_STANDARD = "gnu++0x";
				CLANG_CXX_LIBRARY = "libc++";
				CLANG_ENABLE_MODULES = YES;
				CLANG_ENABLE_OBJC_ARC = YES;
				CLANG_WARN_BOOL_CONVERSION = YES;
				CLANG_WARN_CONSTANT_CONVERSION = YES;
				CLANG_WARN_DIRECT_OBJC_ISA_USAGE = YES_ERROR;
				CLANG_WARN_DOCUMENTATION_COMMENTS = YES;
				CLANG_WARN_EMPTY_BODY = YES;
				CLANG_WARN_ENUM_CONVERSION = YES;
				CLANG_WARN_INFINITE_RECURSION = YES;
				CLANG_WARN_INT_CONVERSION = YES;
				CLANG_WARN_OBJC_ROOT_CLASS = YES_ERROR;
				CLANG_WARN_SUSPICIOUS_MOVE = YES;
				CLANG_WARN_UNREACHABLE_CODE = YES;
				CLANG_WARN__DUPLICATE_METHOD_MATCH = YES;
				"CODE_SIGN_IDENTITY[sdk=iphoneos*]" = "iPhone Developer";
				COPY_PHASE_STRIP = NO;
				DEBUG_INFORMATION_FORMAT = dwarf;
				ENABLE_STRICT_OBJC_MSGSEND = YES;
				ENABLE_TESTABILITY = YES;
				GCC_C_LANGUAGE_STANDARD = gnu99;
				GCC_DYNAMIC_NO_PIC = NO;
				GCC_NO_COMMON_BLOCKS = YES;
				GCC_OPTIMIZATION_LEVEL = 0;
				GCC_PREPROCESSOR_DEFINITIONS = (
					"DEBUG=1",
					"$(inherited)",
				);
				GCC_WARN_64_TO_32_BIT_CONVERSION = YES;
				GCC_WARN_ABOUT_RETURN_TYPE = YES_ERROR;
				GCC_WARN_UNDECLARED_SELECTOR = YES;
				GCC_WARN_UNINITIALIZED_AUTOS = YES_AGGRESSIVE;
				GCC_WARN_UNUSED_FUNCTION = YES;
				GCC_WARN_UNUSED_VARIABLE = YES;
				IPHONEOS_DEPLOYMENT_TARGET = 10.3;
				MTL_ENABLE_DEBUG_INFO = YES;
				ONLY_ACTIVE_ARCH = YES;
				SDKROOT = iphoneos;
				SWIFT_ACTIVE_COMPILATION_CONDITIONS = DEBUG;
				SWIFT_OPTIMIZATION_LEVEL = "-Onone";
			};
			name = Debug;
		};
		52BB44471EA073B20079420B /* Release */ = {
			isa = XCBuildConfiguration;
			buildSettings = {
				ALWAYS_SEARCH_USER_PATHS = NO;
				CLANG_ANALYZER_NONNULL = YES;
				CLANG_ANALYZER_NUMBER_OBJECT_CONVERSION = YES_AGGRESSIVE;
				CLANG_CXX_LANGUAGE_STANDARD = "gnu++0x";
				CLANG_CXX_LIBRARY = "libc++";
				CLANG_ENABLE_MODULES = YES;
				CLANG_ENABLE_OBJC_ARC = YES;
				CLANG_WARN_BOOL_CONVERSION = YES;
				CLANG_WARN_CONSTANT_CONVERSION = YES;
				CLANG_WARN_DIRECT_OBJC_ISA_USAGE = YES_ERROR;
				CLANG_WARN_DOCUMENTATION_COMMENTS = YES;
				CLANG_WARN_EMPTY_BODY = YES;
				CLANG_WARN_ENUM_CONVERSION = YES;
				CLANG_WARN_INFINITE_RECURSION = YES;
				CLANG_WARN_INT_CONVERSION = YES;
				CLANG_WARN_OBJC_ROOT_CLASS = YES_ERROR;
				CLANG_WARN_SUSPICIOUS_MOVE = YES;
				CLANG_WARN_UNREACHABLE_CODE = YES;
				CLANG_WARN__DUPLICATE_METHOD_MATCH = YES;
				"CODE_SIGN_IDENTITY[sdk=iphoneos*]" = "iPhone Developer";
				COPY_PHASE_STRIP = NO;
				DEBUG_INFORMATION_FORMAT = "dwarf-with-dsym";
				ENABLE_NS_ASSERTIONS = NO;
				ENABLE_STRICT_OBJC_MSGSEND = YES;
				GCC_C_LANGUAGE_STANDARD = gnu99;
				GCC_NO_COMMON_BLOCKS = YES;
				GCC_WARN_64_TO_32_BIT_CONVERSION = YES;
				GCC_WARN_ABOUT_RETURN_TYPE = YES_ERROR;
				GCC_WARN_UNDECLARED_SELECTOR = YES;
				GCC_WARN_UNINITIALIZED_AUTOS = YES_AGGRESSIVE;
				GCC_WARN_UNUSED_FUNCTION = YES;
				GCC_WARN_UNUSED_VARIABLE = YES;
				IPHONEOS_DEPLOYMENT_TARGET = 10.3;
				MTL_ENABLE_DEBUG_INFO = NO;
				SDKROOT = iphoneos;
				SWIFT_OPTIMIZATION_LEVEL = "-Owholemodule";
				VALIDATE_PRODUCT = YES;
			};
			name = Release;
		};
		52BB44491EA073B20079420B /* Debug */ = {
			isa = XCBuildConfiguration;
			buildSettings = {
				ASSETCATALOG_COMPILER_APPICON_NAME = AppIcon;
				INFOPLIST_FILE = SmashTag/Info.plist;
				LD_RUNPATH_SEARCH_PATHS = "$(inherited) @executable_path/Frameworks";
				PRODUCT_BUNDLE_IDENTIFIER = com.johnpattonxp.SmashTag;
				PRODUCT_NAME = "$(TARGET_NAME)";
				SWIFT_VERSION = 3.0;
			};
			name = Debug;
		};
		52BB444A1EA073B20079420B /* Release */ = {
			isa = XCBuildConfiguration;
			buildSettings = {
				ASSETCATALOG_COMPILER_APPICON_NAME = AppIcon;
				INFOPLIST_FILE = SmashTag/Info.plist;
				LD_RUNPATH_SEARCH_PATHS = "$(inherited) @executable_path/Frameworks";
				PRODUCT_BUNDLE_IDENTIFIER = com.johnpattonxp.SmashTag;
				PRODUCT_NAME = "$(TARGET_NAME)";
				SWIFT_VERSION = 3.0;
			};
			name = Release;
		};
/* End XCBuildConfiguration section */

/* Begin XCConfigurationList section */
		52BB44311EA073B20079420B /* Build configuration list for PBXProject "SmashTag" */ = {
			isa = XCConfigurationList;
			buildConfigurations = (
				52BB44461EA073B20079420B /* Debug */,
				52BB44471EA073B20079420B /* Release */,
			);
			defaultConfigurationIsVisible = 0;
			defaultConfigurationName = Release;
		};
		52BB44481EA073B20079420B /* Build configuration list for PBXNativeTarget "SmashTag" */ = {
			isa = XCConfigurationList;
			buildConfigurations = (
				52BB44491EA073B20079420B /* Debug */,
				52BB444A1EA073B20079420B /* Release */,
			);
			defaultConfigurationIsVisible = 0;
			defaultConfigurationName = Release;
		};
/* End XCConfigurationList section */
	};
	rootObject = 52BB442E1EA073B20079420B /* Project object */;
}
